
Microsoft Visual Studio Solution File, Format Version 12.00
# Visual Studio 2012
Project("{FAE04EC0-301F-11D3-BF4B-00C04F79EFBC}") = "Example", "Example.csproj", "{6CB2D828-28DA-4DAD-8872-8E39B388670E}"
EndProject
Project("{FAE04EC0-301F-11D3-BF4B-00C04F79EFBC}") = "CLTokenFieldView", "..\CLTokenFieldView\CLTokenFieldView.csproj", "{D9E629FF-5F32-433C-B323-4F9C853885E4}"
EndProject
Global
	GlobalSection(SolutionConfigurationPlatforms) = preSolution
		Debug|iPhoneSimulator = Debug|iPhoneSimulator
		Release|iPhone = Release|iPhone
		Release|iPhoneSimulator = Release|iPhoneSimulator
		Debug|iPhone = Debug|iPhone
	EndGlobalSection
	GlobalSection(ProjectConfigurationPlatforms) = postSolution
		{6CB2D828-28DA-4DAD-8872-8E39B388670E}.Debug|iPhoneSimulator.ActiveCfg = Debug|iPhoneSimulator
		{6CB2D828-28DA-4DAD-8872-8E39B388670E}.Debug|iPhoneSimulator.Build.0 = Debug|iPhoneSimulator
		{6CB2D828-28DA-4DAD-8872-8E39B388670E}.Release|iPhone.ActiveCfg = Release|iPhone
		{6CB2D828-28DA-4DAD-8872-8E39B388670E}.Release|iPhone.Build.0 = Release|iPhone
		{6CB2D828-28DA-4DAD-8872-8E39B388670E}.Release|iPhoneSimulator.ActiveCfg = Release|iPhoneSimulator
		{6CB2D828-28DA-4DAD-8872-8E39B388670E}.Release|iPhoneSimulator.Build.0 = Release|iPhoneSimulator
		{6CB2D828-28DA-4DAD-8872-8E39B388670E}.Debug|iPhone.ActiveCfg = Debug|iPhone
		{6CB2D828-28DA-4DAD-8872-8E39B388670E}.Debug|iPhone.Build.0 = Debug|iPhone
		{D9E629FF-5F32-433C-B323-4F9C853885E4}.Debug|iPhoneSimulator.ActiveCfg = Debug|Any CPU
		{D9E629FF-5F32-433C-B323-4F9C853885E4}.Debug|iPhoneSimulator.Build.0 = Debug|Any CPU
		{D9E629FF-5F32-433C-B323-4F9C853885E4}.Release|iPhone.ActiveCfg = Release|Any CPU
		{D9E629FF-5F32-433C-B323-4F9C853885E4}.Release|iPhone.Build.0 = Release|Any CPU
		{D9E629FF-5F32-433C-B323-4F9C853885E4}.Release|iPhoneSimulator.ActiveCfg = Release|Any CPU
		{D9E629FF-5F32-433C-B323-4F9C853885E4}.Release|iPhoneSimulator.Build.0 = Release|Any CPU
		{D9E629FF-5F32-433C-B323-4F9C853885E4}.Debug|iPhone.ActiveCfg = Debug|Any CPU
		{D9E629FF-5F32-433C-B323-4F9C853885E4}.Debug|iPhone.Build.0 = Debug|Any CPU
	EndGlobalSection
EndGlobal
